// !$*UTF8*$!
{
	archiveVersion = 1;
	classes = {
	};
	objectVersion = 50;
	objects = {

/* Begin PBXBuildFile section */
		AF036F2527545A9400764A84 /* Authentication.swift in Sources */ = {isa = PBXBuildFile; fileRef = AF036F2427545A9400764A84 /* Authentication.swift */; };
		AF036F2C275AE81A00764A84 /* Global.swift in Sources */ = {isa = PBXBuildFile; fileRef = AF036F2B275AE81A00764A84 /* Global.swift */; };
		AF654873273B392800933725 /* R_ScanApp.swift in Sources */ = {isa = PBXBuildFile; fileRef = AF654872273B392800933725 /* R_ScanApp.swift */; };
		AF654875273B392800933725 /* MainView.swift in Sources */ = {isa = PBXBuildFile; fileRef = AF654874273B392800933725 /* MainView.swift */; };
		AF654877273B392B00933725 /* Assets.xcassets in Resources */ = {isa = PBXBuildFile; fileRef = AF654876273B392B00933725 /* Assets.xcassets */; };
		AF65487A273B392B00933725 /* Preview Assets.xcassets in Resources */ = {isa = PBXBuildFile; fileRef = AF654879273B392B00933725 /* Preview Assets.xcassets */; };
		AF654885273B392B00933725 /* R_ScanTests.swift in Sources */ = {isa = PBXBuildFile; fileRef = AF654884273B392B00933725 /* R_ScanTests.swift */; };
		AF654890273B392B00933725 /* R_ScanUITests.swift in Sources */ = {isa = PBXBuildFile; fileRef = AF65488F273B392B00933725 /* R_ScanUITests.swift */; };
		AFF3902D2748655300BEE044 /* Src128API.swift in Sources */ = {isa = PBXBuildFile; fileRef = AFF3902C2748655300BEE044 /* Src128API.swift */; };
		AFF39031274A39F100BEE044 /* LoginView.swift in Sources */ = {isa = PBXBuildFile; fileRef = AFF39030274A39F100BEE044 /* LoginView.swift */; };
/* End PBXBuildFile section */

/* Begin PBXContainerItemProxy section */
		AF654881273B392B00933725 /* PBXContainerItemProxy */ = {
			isa = PBXContainerItemProxy;
			containerPortal = AF654867273B392800933725 /* Project object */;
			proxyType = 1;
			remoteGlobalIDString = AF65486E273B392800933725;
			remoteInfo = "R'Scan";
		};
		AF65488C273B392B00933725 /* PBXContainerItemProxy */ = {
			isa = PBXContainerItemProxy;
			containerPortal = AF654867273B392800933725 /* Project object */;
			proxyType = 1;
			remoteGlobalIDString = AF65486E273B392800933725;
			remoteInfo = "R'Scan";
		};
/* End PBXContainerItemProxy section */

/* Begin PBXCopyFilesBuildPhase section */
		AF036F43275AF33800764A84 /* Embed App Extensions */ = {
			isa = PBXCopyFilesBuildPhase;
			buildActionMask = 2147483647;
			dstPath = "";
			dstSubfolderSpec = 13;
			files = (
			);
			name = "Embed App Extensions";
			runOnlyForDeploymentPostprocessing = 0;
		};
/* End PBXCopyFilesBuildPhase section */

/* Begin PBXFileReference section */
		AF036F2427545A9400764A84 /* Authentication.swift */ = {isa = PBXFileReference; lastKnownFileType = sourcecode.swift; path = Authentication.swift; sourceTree = "<group>"; };
		AF036F2B275AE81A00764A84 /* Global.swift */ = {isa = PBXFileReference; lastKnownFileType = sourcecode.swift; path = Global.swift; sourceTree = "<group>"; };
		AF036F33275AF33600764A84 /* WidgetKit.framework */ = {isa = PBXFileReference; lastKnownFileType = wrapper.framework; name = WidgetKit.framework; path = System/Library/Frameworks/WidgetKit.framework; sourceTree = SDKROOT; };
		AF036F35275AF33600764A84 /* SwiftUI.framework */ = {isa = PBXFileReference; lastKnownFileType = wrapper.framework; name = SwiftUI.framework; path = System/Library/Frameworks/SwiftUI.framework; sourceTree = SDKROOT; };
		AF65486F273B392800933725 /* R'Scan.app */ = {isa = PBXFileReference; explicitFileType = wrapper.application; includeInIndex = 0; path = "R'Scan.app"; sourceTree = BUILT_PRODUCTS_DIR; };
		AF654872273B392800933725 /* R_ScanApp.swift */ = {isa = PBXFileReference; lastKnownFileType = sourcecode.swift; path = R_ScanApp.swift; sourceTree = "<group>"; };
		AF654874273B392800933725 /* MainView.swift */ = {isa = PBXFileReference; lastKnownFileType = sourcecode.swift; path = MainView.swift; sourceTree = "<group>"; };
		AF654876273B392B00933725 /* Assets.xcassets */ = {isa = PBXFileReference; lastKnownFileType = folder.assetcatalog; path = Assets.xcassets; sourceTree = "<group>"; };
		AF654879273B392B00933725 /* Preview Assets.xcassets */ = {isa = PBXFileReference; lastKnownFileType = folder.assetcatalog; path = "Preview Assets.xcassets"; sourceTree = "<group>"; };
		AF65487B273B392B00933725 /* Info.plist */ = {isa = PBXFileReference; lastKnownFileType = text.plist.xml; path = Info.plist; sourceTree = "<group>"; };
		AF654880273B392B00933725 /* R'ScanTests.xctest */ = {isa = PBXFileReference; explicitFileType = wrapper.cfbundle; includeInIndex = 0; path = "R'ScanTests.xctest"; sourceTree = BUILT_PRODUCTS_DIR; };
		AF654884273B392B00933725 /* R_ScanTests.swift */ = {isa = PBXFileReference; lastKnownFileType = sourcecode.swift; path = R_ScanTests.swift; sourceTree = "<group>"; };
		AF654886273B392B00933725 /* Info.plist */ = {isa = PBXFileReference; lastKnownFileType = text.plist.xml; path = Info.plist; sourceTree = "<group>"; };
		AF65488B273B392B00933725 /* R'ScanUITests.xctest */ = {isa = PBXFileReference; explicitFileType = wrapper.cfbundle; includeInIndex = 0; path = "R'ScanUITests.xctest"; sourceTree = BUILT_PRODUCTS_DIR; };
		AF65488F273B392B00933725 /* R_ScanUITests.swift */ = {isa = PBXFileReference; lastKnownFileType = sourcecode.swift; path = R_ScanUITests.swift; sourceTree = "<group>"; };
		AF654891273B392B00933725 /* Info.plist */ = {isa = PBXFileReference; lastKnownFileType = text.plist.xml; path = Info.plist; sourceTree = "<group>"; };
		AFF3902C2748655300BEE044 /* Src128API.swift */ = {isa = PBXFileReference; lastKnownFileType = sourcecode.swift; path = Src128API.swift; sourceTree = "<group>"; };
		AFF39030274A39F100BEE044 /* LoginView.swift */ = {isa = PBXFileReference; lastKnownFileType = sourcecode.swift; path = LoginView.swift; sourceTree = "<group>"; };
/* End PBXFileReference section */

/* Begin PBXFrameworksBuildPhase section */
		AF65486C273B392800933725 /* Frameworks */ = {
			isa = PBXFrameworksBuildPhase;
			buildActionMask = 2147483647;
			files = (
			);
			runOnlyForDeploymentPostprocessing = 0;
		};
		AF65487D273B392B00933725 /* Frameworks */ = {
			isa = PBXFrameworksBuildPhase;
			buildActionMask = 2147483647;
			files = (
			);
			runOnlyForDeploymentPostprocessing = 0;
		};
		AF654888273B392B00933725 /* Frameworks */ = {
			isa = PBXFrameworksBuildPhase;
			buildActionMask = 2147483647;
			files = (
			);
			runOnlyForDeploymentPostprocessing = 0;
		};
/* End PBXFrameworksBuildPhase section */

/* Begin PBXGroup section */
		AF036F2627545AD700764A84 /* Views */ = {
			isa = PBXGroup;
			children = (
				AF654874273B392800933725 /* MainView.swift */,
				AFF39030274A39F100BEE044 /* LoginView.swift */,
			);
			path = Views;
			sourceTree = "<group>";
		};
		AF036F32275AF33600764A84 /* Frameworks */ = {
			isa = PBXGroup;
			children = (
				AF036F33275AF33600764A84 /* WidgetKit.framework */,
				AF036F35275AF33600764A84 /* SwiftUI.framework */,
			);
			name = Frameworks;
			sourceTree = "<group>";
		};
		AF654866273B392800933725 = {
			isa = PBXGroup;
			children = (
				AF654871273B392800933725 /* R'Scan */,
				AF654883273B392B00933725 /* R'ScanTests */,
				AF65488E273B392B00933725 /* R'ScanUITests */,
				AF036F32275AF33600764A84 /* Frameworks */,
				AF654870273B392800933725 /* Products */,
			);
			sourceTree = "<group>";
		};
		AF654870273B392800933725 /* Products */ = {
			isa = PBXGroup;
			children = (
				AF65486F273B392800933725 /* R'Scan.app */,
				AF654880273B392B00933725 /* R'ScanTests.xctest */,
				AF65488B273B392B00933725 /* R'ScanUITests.xctest */,
			);
			name = Products;
			sourceTree = "<group>";
		};
		AF654871273B392800933725 /* R'Scan */ = {
			isa = PBXGroup;
			children = (
				AF036F2627545AD700764A84 /* Views */,
				AF654872273B392800933725 /* R_ScanApp.swift */,
				AF036F2427545A9400764A84 /* Authentication.swift */,
				AFF3902C2748655300BEE044 /* Src128API.swift */,
				AF036F2B275AE81A00764A84 /* Global.swift */,
				AF654876273B392B00933725 /* Assets.xcassets */,
				AF65487B273B392B00933725 /* Info.plist */,
				AF654878273B392B00933725 /* Preview Content */,
			);
			path = "R'Scan";
			sourceTree = "<group>";
		};
		AF654878273B392B00933725 /* Preview Content */ = {
			isa = PBXGroup;
			children = (
				AF654879273B392B00933725 /* Preview Assets.xcassets */,
			);
			path = "Preview Content";
			sourceTree = "<group>";
		};
		AF654883273B392B00933725 /* R'ScanTests */ = {
			isa = PBXGroup;
			children = (
				AF654884273B392B00933725 /* R_ScanTests.swift */,
				AF654886273B392B00933725 /* Info.plist */,
			);
			path = "R'ScanTests";
			sourceTree = "<group>";
		};
		AF65488E273B392B00933725 /* R'ScanUITests */ = {
			isa = PBXGroup;
			children = (
				AF65488F273B392B00933725 /* R_ScanUITests.swift */,
				AF654891273B392B00933725 /* Info.plist */,
			);
			path = "R'ScanUITests";
			sourceTree = "<group>";
		};
/* End PBXGroup section */

/* Begin PBXNativeTarget section */
		AF65486E273B392800933725 /* R'Scan */ = {
			isa = PBXNativeTarget;
			buildConfigurationList = AF654894273B392B00933725 /* Build configuration list for PBXNativeTarget "R'Scan" */;
			buildPhases = (
				AF65486B273B392800933725 /* Sources */,
				AF65486C273B392800933725 /* Frameworks */,
				AF65486D273B392800933725 /* Resources */,
				AF036F43275AF33800764A84 /* Embed App Extensions */,
			);
			buildRules = (
			);
			dependencies = (
			);
			name = "R'Scan";
			productName = "R'Scan";
			productReference = AF65486F273B392800933725 /* R'Scan.app */;
			productType = "com.apple.product-type.application";
		};
		AF65487F273B392B00933725 /* R'ScanTests */ = {
			isa = PBXNativeTarget;
			buildConfigurationList = AF654897273B392B00933725 /* Build configuration list for PBXNativeTarget "R'ScanTests" */;
			buildPhases = (
				AF65487C273B392B00933725 /* Sources */,
				AF65487D273B392B00933725 /* Frameworks */,
				AF65487E273B392B00933725 /* Resources */,
			);
			buildRules = (
			);
			dependencies = (
				AF654882273B392B00933725 /* PBXTargetDependency */,
			);
			name = "R'ScanTests";
			productName = "R'ScanTests";
			productReference = AF654880273B392B00933725 /* R'ScanTests.xctest */;
			productType = "com.apple.product-type.bundle.unit-test";
		};
		AF65488A273B392B00933725 /* R'ScanUITests */ = {
			isa = PBXNativeTarget;
			buildConfigurationList = AF65489A273B392B00933725 /* Build configuration list for PBXNativeTarget "R'ScanUITests" */;
			buildPhases = (
				AF654887273B392B00933725 /* Sources */,
				AF654888273B392B00933725 /* Frameworks */,
				AF654889273B392B00933725 /* Resources */,
			);
			buildRules = (
			);
			dependencies = (
				AF65488D273B392B00933725 /* PBXTargetDependency */,
			);
			name = "R'ScanUITests";
			productName = "R'ScanUITests";
			productReference = AF65488B273B392B00933725 /* R'ScanUITests.xctest */;
			productType = "com.apple.product-type.bundle.ui-testing";
		};
/* End PBXNativeTarget section */

/* Begin PBXProject section */
		AF654867273B392800933725 /* Project object */ = {
			isa = PBXProject;
			attributes = {
				LastSwiftUpdateCheck = 1310;
				LastUpgradeCheck = 1250;
				TargetAttributes = {
					AF65486E273B392800933725 = {
						CreatedOnToolsVersion = 12.5;
					};
					AF65487F273B392B00933725 = {
						CreatedOnToolsVersion = 12.5;
						TestTargetID = AF65486E273B392800933725;
					};
					AF65488A273B392B00933725 = {
						CreatedOnToolsVersion = 12.5;
						TestTargetID = AF65486E273B392800933725;
					};
				};
			};
			buildConfigurationList = AF65486A273B392800933725 /* Build configuration list for PBXProject "R'Scan" */;
			compatibilityVersion = "Xcode 9.3";
			developmentRegion = en;
			hasScannedForEncodings = 0;
			knownRegions = (
				en,
				Base,
			);
			mainGroup = AF654866273B392800933725;
			productRefGroup = AF654870273B392800933725 /* Products */;
			projectDirPath = "";
			projectRoot = "";
			targets = (
				AF65486E273B392800933725 /* R'Scan */,
				AF65487F273B392B00933725 /* R'ScanTests */,
				AF65488A273B392B00933725 /* R'ScanUITests */,
			);
		};
/* End PBXProject section */

/* Begin PBXResourcesBuildPhase section */
		AF65486D273B392800933725 /* Resources */ = {
			isa = PBXResourcesBuildPhase;
			buildActionMask = 2147483647;
			files = (
				AF65487A273B392B00933725 /* Preview Assets.xcassets in Resources */,
				AF654877273B392B00933725 /* Assets.xcassets in Resources */,
			);
			runOnlyForDeploymentPostprocessing = 0;
		};
		AF65487E273B392B00933725 /* Resources */ = {
			isa = PBXResourcesBuildPhase;
			buildActionMask = 2147483647;
			files = (
			);
			runOnlyForDeploymentPostprocessing = 0;
		};
		AF654889273B392B00933725 /* Resources */ = {
			isa = PBXResourcesBuildPhase;
			buildActionMask = 2147483647;
			files = (
			);
			runOnlyForDeploymentPostprocessing = 0;
		};
/* End PBXResourcesBuildPhase section */

/* Begin PBXSourcesBuildPhase section */
		AF65486B273B392800933725 /* Sources */ = {
			isa = PBXSourcesBuildPhase;
			buildActionMask = 2147483647;
			files = (
				AF654875273B392800933725 /* MainView.swift in Sources */,
				AFF3902D2748655300BEE044 /* Src128API.swift in Sources */,
				AFF39031274A39F100BEE044 /* LoginView.swift in Sources */,
				AF036F2C275AE81A00764A84 /* Global.swift in Sources */,
				AF036F2527545A9400764A84 /* Authentication.swift in Sources */,
				AF654873273B392800933725 /* R_ScanApp.swift in Sources */,
			);
			runOnlyForDeploymentPostprocessing = 0;
		};
		AF65487C273B392B00933725 /* Sources */ = {
			isa = PBXSourcesBuildPhase;
			buildActionMask = 2147483647;
			files = (
				AF654885273B392B00933725 /* R_ScanTests.swift in Sources */,
			);
			runOnlyForDeploymentPostprocessing = 0;
		};
		AF654887273B392B00933725 /* Sources */ = {
			isa = PBXSourcesBuildPhase;
			buildActionMask = 2147483647;
			files = (
				AF654890273B392B00933725 /* R_ScanUITests.swift in Sources */,
			);
			runOnlyForDeploymentPostprocessing = 0;
		};
/* End PBXSourcesBuildPhase section */

/* Begin PBXTargetDependency section */
		AF654882273B392B00933725 /* PBXTargetDependency */ = {
			isa = PBXTargetDependency;
			target = AF65486E273B392800933725 /* R'Scan */;
			targetProxy = AF654881273B392B00933725 /* PBXContainerItemProxy */;
		};
		AF65488D273B392B00933725 /* PBXTargetDependency */ = {
			isa = PBXTargetDependency;
			target = AF65486E273B392800933725 /* R'Scan */;
			targetProxy = AF65488C273B392B00933725 /* PBXContainerItemProxy */;
		};
/* End PBXTargetDependency section */

/* Begin XCBuildConfiguration section */
		AF654892273B392B00933725 /* Debug */ = {
			isa = XCBuildConfiguration;
			buildSettings = {
				ALWAYS_SEARCH_USER_PATHS = NO;
				CLANG_ANALYZER_NONNULL = YES;
				CLANG_ANALYZER_NUMBER_OBJECT_CONVERSION = YES_AGGRESSIVE;
				CLANG_CXX_LANGUAGE_STANDARD = "gnu++14";
				CLANG_CXX_LIBRARY = "libc++";
				CLANG_ENABLE_MODULES = YES;
				CLANG_ENABLE_OBJC_ARC = YES;
				CLANG_ENABLE_OBJC_WEAK = YES;
				CLANG_WARN_BLOCK_CAPTURE_AUTORELEASING = YES;
				CLANG_WARN_BOOL_CONVERSION = YES;
				CLANG_WARN_COMMA = YES;
				CLANG_WARN_CONSTANT_CONVERSION = YES;
				CLANG_WARN_DEPRECATED_OBJC_IMPLEMENTATIONS = YES;
				CLANG_WARN_DIRECT_OBJC_ISA_USAGE = YES_ERROR;
				CLANG_WARN_DOCUMENTATION_COMMENTS = YES;
				CLANG_WARN_EMPTY_BODY = YES;
				CLANG_WARN_ENUM_CONVERSION = YES;
				CLANG_WARN_INFINITE_RECURSION = YES;
				CLANG_WARN_INT_CONVERSION = YES;
				CLANG_WARN_NON_LITERAL_NULL_CONVERSION = YES;
				CLANG_WARN_OBJC_IMPLICIT_RETAIN_SELF = YES;
				CLANG_WARN_OBJC_LITERAL_CONVERSION = YES;
				CLANG_WARN_OBJC_ROOT_CLASS = YES_ERROR;
				CLANG_WARN_QUOTED_INCLUDE_IN_FRAMEWORK_HEADER = YES;
				CLANG_WARN_RANGE_LOOP_ANALYSIS = YES;
				CLANG_WARN_STRICT_PROTOTYPES = YES;
				CLANG_WARN_SUSPICIOUS_MOVE = YES;
				CLANG_WARN_UNGUARDED_AVAILABILITY = YES_AGGRESSIVE;
				CLANG_WARN_UNREACHABLE_CODE = YES;
				CLANG_WARN__DUPLICATE_METHOD_MATCH = YES;
				COPY_PHASE_STRIP = NO;
				DEBUG_INFORMATION_FORMAT = dwarf;
				ENABLE_STRICT_OBJC_MSGSEND = YES;
				ENABLE_TESTABILITY = YES;
				GCC_C_LANGUAGE_STANDARD = gnu11;
				GCC_DYNAMIC_NO_PIC = NO;
				GCC_NO_COMMON_BLOCKS = YES;
				GCC_OPTIMIZATION_LEVEL = 0;
				GCC_PREPROCESSOR_DEFINITIONS = (
					"DEBUG=1",
					"$(inherited)",
				);
				GCC_WARN_64_TO_32_BIT_CONVERSION = YES;
				GCC_WARN_ABOUT_RETURN_TYPE = YES_ERROR;
				GCC_WARN_UNDECLARED_SELECTOR = YES;
				GCC_WARN_UNINITIALIZED_AUTOS = YES_AGGRESSIVE;
				GCC_WARN_UNUSED_FUNCTION = YES;
				GCC_WARN_UNUSED_VARIABLE = YES;
				IPHONEOS_DEPLOYMENT_TARGET = 14.5;
				MTL_ENABLE_DEBUG_INFO = INCLUDE_SOURCE;
				MTL_FAST_MATH = YES;
				ONLY_ACTIVE_ARCH = YES;
				SDKROOT = iphoneos;
				SWIFT_ACTIVE_COMPILATION_CONDITIONS = DEBUG;
				SWIFT_OPTIMIZATION_LEVEL = "-Onone";
			};
			name = Debug;
		};
		AF654893273B392B00933725 /* Release */ = {
			isa = XCBuildConfiguration;
			buildSettings = {
				ALWAYS_SEARCH_USER_PATHS = NO;
				CLANG_ANALYZER_NONNULL = YES;
				CLANG_ANALYZER_NUMBER_OBJECT_CONVERSION = YES_AGGRESSIVE;
				CLANG_CXX_LANGUAGE_STANDARD = "gnu++14";
				CLANG_CXX_LIBRARY = "libc++";
				CLANG_ENABLE_MODULES = YES;
				CLANG_ENABLE_OBJC_ARC = YES;
				CLANG_ENABLE_OBJC_WEAK = YES;
				CLANG_WARN_BLOCK_CAPTURE_AUTORELEASING = YES;
				CLANG_WARN_BOOL_CONVERSION = YES;
				CLANG_WARN_COMMA = YES;
				CLANG_WARN_CONSTANT_CONVERSION = YES;
				CLANG_WARN_DEPRECATED_OBJC_IMPLEMENTATIONS = YES;
				CLANG_WARN_DIRECT_OBJC_ISA_USAGE = YES_ERROR;
				CLANG_WARN_DOCUMENTATION_COMMENTS = YES;
				CLANG_WARN_EMPTY_BODY = YES;
				CLANG_WARN_ENUM_CONVERSION = YES;
				CLANG_WARN_INFINITE_RECURSION = YES;
				CLANG_WARN_INT_CONVERSION = YES;
				CLANG_WARN_NON_LITERAL_NULL_CONVERSION = YES;
				CLANG_WARN_OBJC_IMPLICIT_RETAIN_SELF = YES;
				CLANG_WARN_OBJC_LITERAL_CONVERSION = YES;
				CLANG_WARN_OBJC_ROOT_CLASS = YES_ERROR;
				CLANG_WARN_QUOTED_INCLUDE_IN_FRAMEWORK_HEADER = YES;
				CLANG_WARN_RANGE_LOOP_ANALYSIS = YES;
				CLANG_WARN_STRICT_PROTOTYPES = YES;
				CLANG_WARN_SUSPICIOUS_MOVE = YES;
				CLANG_WARN_UNGUARDED_AVAILABILITY = YES_AGGRESSIVE;
				CLANG_WARN_UNREACHABLE_CODE = YES;
				CLANG_WARN__DUPLICATE_METHOD_MATCH = YES;
				COPY_PHASE_STRIP = NO;
				DEBUG_INFORMATION_FORMAT = "dwarf-with-dsym";
				ENABLE_NS_ASSERTIONS = NO;
				ENABLE_STRICT_OBJC_MSGSEND = YES;
				GCC_C_LANGUAGE_STANDARD = gnu11;
				GCC_NO_COMMON_BLOCKS = YES;
				GCC_WARN_64_TO_32_BIT_CONVERSION = YES;
				GCC_WARN_ABOUT_RETURN_TYPE = YES_ERROR;
				GCC_WARN_UNDECLARED_SELECTOR = YES;
				GCC_WARN_UNINITIALIZED_AUTOS = YES_AGGRESSIVE;
				GCC_WARN_UNUSED_FUNCTION = YES;
				GCC_WARN_UNUSED_VARIABLE = YES;
				IPHONEOS_DEPLOYMENT_TARGET = 14.5;
				MTL_ENABLE_DEBUG_INFO = NO;
				MTL_FAST_MATH = YES;
				SDKROOT = iphoneos;
				SWIFT_COMPILATION_MODE = wholemodule;
				SWIFT_OPTIMIZATION_LEVEL = "-O";
				VALIDATE_PRODUCT = YES;
			};
			name = Release;
		};
		AF654895273B392B00933725 /* Debug */ = {
			isa = XCBuildConfiguration;
			buildSettings = {
				ASSETCATALOG_COMPILER_APPICON_NAME = AppIcon;
				ASSETCATALOG_COMPILER_GLOBAL_ACCENT_COLOR_NAME = AccentColor;
				CODE_SIGN_STYLE = Automatic;
				DEVELOPMENT_ASSET_PATHS = "\"R'Scan/Preview Content\"";
				DEVELOPMENT_TEAM = 5DRALXL885;
				ENABLE_PREVIEWS = YES;
				INFOPLIST_FILE = "R'Scan/Info.plist";
				IPHONEOS_DEPLOYMENT_TARGET = 14.0;
				LD_RUNPATH_SEARCH_PATHS = (
					"$(inherited)",
					"@executable_path/Frameworks",
				);
				MARKETING_VERSION = 1.2;
				PRODUCT_BUNDLE_IDENTIFIER = "com.koza.R-Scan";
				PRODUCT_NAME = "$(TARGET_NAME)";
				SWIFT_VERSION = 5.0;
				TARGETED_DEVICE_FAMILY = 1;
			};
			name = Debug;
		};
		AF654896273B392B00933725 /* Release */ = {
			isa = XCBuildConfiguration;
			buildSettings = {
				ASSETCATALOG_COMPILER_APPICON_NAME = AppIcon;
				ASSETCATALOG_COMPILER_GLOBAL_ACCENT_COLOR_NAME = AccentColor;
				CODE_SIGN_STYLE = Automatic;
				DEVELOPMENT_ASSET_PATHS = "\"R'Scan/Preview Content\"";
				DEVELOPMENT_TEAM = 5DRALXL885;
				ENABLE_PREVIEWS = YES;
				INFOPLIST_FILE = "R'Scan/Info.plist";
				IPHONEOS_DEPLOYMENT_TARGET = 14.0;
				LD_RUNPATH_SEARCH_PATHS = (
					"$(inherited)",
					"@executable_path/Frameworks",
				);
				MARKETING_VERSION = 1.2;
				PRODUCT_BUNDLE_IDENTIFIER = "com.koza.R-Scan";
				PRODUCT_NAME = "$(TARGET_NAME)";
				SWIFT_VERSION = 5.0;
				TARGETED_DEVICE_FAMILY = 1;
			};
			name = Release;
		};
		AF654898273B392B00933725 /* Debug */ = {
			isa = XCBuildConfiguration;
			buildSettings = {
				ALWAYS_EMBED_SWIFT_STANDARD_LIBRARIES = YES;
				BUNDLE_LOADER = "$(TEST_HOST)";
				CODE_SIGN_STYLE = Automatic;
				DEVELOPMENT_TEAM = 5DRALXL885;
				INFOPLIST_FILE = "R'ScanTests/Info.plist";
				IPHONEOS_DEPLOYMENT_TARGET = 14.0;
				LD_RUNPATH_SEARCH_PATHS = (
					"$(inherited)",
					"@executable_path/Frameworks",
					"@loader_path/Frameworks",
				);
				PRODUCT_BUNDLE_IDENTIFIER = "com.koza.R-ScanTests";
				PRODUCT_NAME = "$(TARGET_NAME)";
				SWIFT_VERSION = 5.0;
				TARGETED_DEVICE_FAMILY = "1,2";
				TEST_HOST = "$(BUILT_PRODUCTS_DIR)/R'Scan.app/R'Scan";
			};
			name = Debug;
		};
		AF654899273B392B00933725 /* Release */ = {
			isa = XCBuildConfiguration;
			buildSettings = {
				ALWAYS_EMBED_SWIFT_STANDARD_LIBRARIES = YES;
				BUNDLE_LOADER = "$(TEST_HOST)";
				CODE_SIGN_STYLE = Automatic;
				DEVELOPMENT_TEAM = 5DRALXL885;
				INFOPLIST_FILE = "R'ScanTests/Info.plist";
				IPHONEOS_DEPLOYMENT_TARGET = 14.0;
				LD_RUNPATH_SEARCH_PATHS = (
					"$(inherited)",
					"@executable_path/Frameworks",
					"@loader_path/Frameworks",
				);
				PRODUCT_BUNDLE_IDENTIFIER = "com.koza.R-ScanTests";
				PRODUCT_NAME = "$(TARGET_NAME)";
				SWIFT_VERSION = 5.0;
				TARGETED_DEVICE_FAMILY = "1,2";
				TEST_HOST = "$(BUILT_PRODUCTS_DIR)/R'Scan.app/R'Scan";
			};
			name = Release;
		};
		AF65489B273B392B00933725 /* Debug */ = {
			isa = XCBuildConfiguration;
			buildSettings = {
				ALWAYS_EMBED_SWIFT_STANDARD_LIBRARIES = YES;
				CODE_SIGN_STYLE = Automatic;
				DEVELOPMENT_TEAM = 5DRALXL885;
				INFOPLIST_FILE = "R'ScanUITests/Info.plist";
				LD_RUNPATH_SEARCH_PATHS = (
					"$(inherited)",
					"@executable_path/Frameworks",
					"@loader_path/Frameworks",
				);
				PRODUCT_BUNDLE_IDENTIFIER = "com.koza.R-ScanUITests";
				PRODUCT_NAME = "$(TARGET_NAME)";
				SWIFT_VERSION = 5.0;
				TARGETED_DEVICE_FAMILY = "1,2";
				TEST_TARGET_NAME = "R'Scan";
			};
			name = Debug;
		};
		AF65489C273B392B00933725 /* Release */ = {
			isa = XCBuildConfiguration;
			buildSettings = {
				ALWAYS_EMBED_SWIFT_STANDARD_LIBRARIES = YES;
				CODE_SIGN_STYLE = Automatic;
				DEVELOPMENT_TEAM = 5DRALXL885;
				INFOPLIST_FILE = "R'ScanUITests/Info.plist";
				LD_RUNPATH_SEARCH_PATHS = (
					"$(inherited)",
					"@executable_path/Frameworks",
					"@loader_path/Frameworks",
				);
				PRODUCT_BUNDLE_IDENTIFIER = "com.koza.R-ScanUITests";
				PRODUCT_NAME = "$(TARGET_NAME)";
				SWIFT_VERSION = 5.0;
				TARGETED_DEVICE_FAMILY = "1,2";
				TEST_TARGET_NAME = "R'Scan";
			};
			name = Release;
		};
/* End XCBuildConfiguration section */

/* Begin XCConfigurationList section */
		AF65486A273B392800933725 /* Build configuration list for PBXProject "R'Scan" */ = {
			isa = XCConfigurationList;
			buildConfigurations = (
				AF654892273B392B00933725 /* Debug */,
				AF654893273B392B00933725 /* Release */,
			);
			defaultConfigurationIsVisible = 0;
			defaultConfigurationName = Release;
		};
		AF654894273B392B00933725 /* Build configuration list for PBXNativeTarget "R'Scan" */ = {
			isa = XCConfigurationList;
			buildConfigurations = (
				AF654895273B392B00933725 /* Debug */,
				AF654896273B392B00933725 /* Release */,
			);
			defaultConfigurationIsVisible = 0;
			defaultConfigurationName = Release;
		};
		AF654897273B392B00933725 /* Build configuration list for PBXNativeTarget "R'ScanTests" */ = {
			isa = XCConfigurationList;
			buildConfigurations = (
				AF654898273B392B00933725 /* Debug */,
				AF654899273B392B00933725 /* Release */,
			);
			defaultConfigurationIsVisible = 0;
			defaultConfigurationName = Release;
		};
		AF65489A273B392B00933725 /* Build configuration list for PBXNativeTarget "R'ScanUITests" */ = {
			isa = XCConfigurationList;
			buildConfigurations = (
				AF65489B273B392B00933725 /* Debug */,
				AF65489C273B392B00933725 /* Release */,
			);
			defaultConfigurationIsVisible = 0;
			defaultConfigurationName = Release;
		};
/* End XCConfigurationList section */
	};
	rootObject = AF654867273B392800933725 /* Project object */;
}
